// !$*UTF8*$!
{
	archiveVersion = 1;
	classes = {
	};
	objectVersion = 46;
	objects = {

/* Begin PBXBuildFile section */
		4C55AC481EDFFDFE00C12927 /* main.m in Sources */ = {isa = PBXBuildFile; fileRef = 4C55AC471EDFFDFE00C12927 /* main.m */; };
		4C55AC4B1EDFFDFE00C12927 /* AppDelegate.m in Sources */ = {isa = PBXBuildFile; fileRef = 4C55AC4A1EDFFDFE00C12927 /* AppDelegate.m */; };
		4C55AC4E1EDFFDFE00C12927 /* ViewController.m in Sources */ = {isa = PBXBuildFile; fileRef = 4C55AC4D1EDFFDFE00C12927 /* ViewController.m */; };
		4C55AC511EDFFDFE00C12927 /* Main.storyboard in Resources */ = {isa = PBXBuildFile; fileRef = 4C55AC4F1EDFFDFE00C12927 /* Main.storyboard */; };
		4C55AC531EDFFDFF00C12927 /* Assets.xcassets in Resources */ = {isa = PBXBuildFile; fileRef = 4C55AC521EDFFDFF00C12927 /* Assets.xcassets */; };
		4C55AC561EDFFDFF00C12927 /* LaunchScreen.storyboard in Resources */ = {isa = PBXBuildFile; fileRef = 4C55AC541EDFFDFF00C12927 /* LaunchScreen.storyboard */; };
		4C55AC5F1EDFFE4700C12927 /* BlockT.m in Sources */ = {isa = PBXBuildFile; fileRef = 4C55AC5E1EDFFE4700C12927 /* BlockT.m */; };
/* End PBXBuildFile section */

/* Begin PBXFileReference section */
		4C55AC431EDFFDFE00C12927 /* BlockLearn.app */ = {isa = PBXFileReference; explicitFileType = wrapper.application; includeInIndex = 0; path = BlockLearn.app; sourceTree = BUILT_PRODUCTS_DIR; };
		4C55AC471EDFFDFE00C12927 /* main.m */ = {isa = PBXFileReference; lastKnownFileType = sourcecode.c.objc; path = main.m; sourceTree = "<group>"; };
		4C55AC491EDFFDFE00C12927 /* AppDelegate.h */ = {isa = PBXFileReference; lastKnownFileType = sourcecode.c.h; path = AppDelegate.h; sourceTree = "<group>"; };
		4C55AC4A1EDFFDFE00C12927 /* AppDelegate.m */ = {isa = PBXFileReference; lastKnownFileType = sourcecode.c.objc; path = AppDelegate.m; sourceTree = "<group>"; };
		4C55AC4C1EDFFDFE00C12927 /* ViewController.h */ = {isa = PBXFileReference; lastKnownFileType = sourcecode.c.h; path = ViewController.h; sourceTree = "<group>"; };
		4C55AC4D1EDFFDFE00C12927 /* ViewController.m */ = {isa = PBXFileReference; lastKnownFileType = sourcecode.c.objc; path = ViewController.m; sourceTree = "<group>"; };
		4C55AC501EDFFDFE00C12927 /* Base */ = {isa = PBXFileReference; lastKnownFileType = file.storyboard; name = Base; path = Base.lproj/Main.storyboard; sourceTree = "<group>"; };
		4C55AC521EDFFDFF00C12927 /* Assets.xcassets */ = {isa = PBXFileReference; lastKnownFileType = folder.assetcatalog; path = Assets.xcassets; sourceTree = "<group>"; };
		4C55AC551EDFFDFF00C12927 /* Base */ = {isa = PBXFileReference; lastKnownFileType = file.storyboard; name = Base; path = Base.lproj/LaunchScreen.storyboard; sourceTree = "<group>"; };
		4C55AC571EDFFDFF00C12927 /* Info.plist */ = {isa = PBXFileReference; lastKnownFileType = text.plist.xml; path = Info.plist; sourceTree = "<group>"; };
		4C55AC5D1EDFFE4700C12927 /* BlockT.h */ = {isa = PBXFileReference; fileEncoding = 4; lastKnownFileType = sourcecode.c.h; path = BlockT.h; sourceTree = "<group>"; };
		4C55AC5E1EDFFE4700C12927 /* BlockT.m */ = {isa = PBXFileReference; fileEncoding = 4; lastKnownFileType = sourcecode.c.objc; path = BlockT.m; sourceTree = "<group>"; };
/* End PBXFileReference section */

/* Begin PBXFrameworksBuildPhase section */
		4C55AC401EDFFDFE00C12927 /* Frameworks */ = {
			isa = PBXFrameworksBuildPhase;
			buildActionMask = 2147483647;
			files = (
			);
			runOnlyForDeploymentPostprocessing = 0;
		};
/* End PBXFrameworksBuildPhase section */

/* Begin PBXGroup section */
		4C55AC3A1EDFFDFE00C12927 = {
			isa = PBXGroup;
			children = (
				4C55AC451EDFFDFE00C12927 /* BlockLearn */,
				4C55AC441EDFFDFE00C12927 /* Products */,
			);
			sourceTree = "<group>";
		};
		4C55AC441EDFFDFE00C12927 /* Products */ = {
			isa = PBXGroup;
			children = (
				4C55AC431EDFFDFE00C12927 /* BlockLearn.app */,
			);
			name = Products;
			sourceTree = "<group>";
		};
		4C55AC451EDFFDFE00C12927 /* BlockLearn */ = {
			isa = PBXGroup;
			children = (
				4C55AC491EDFFDFE00C12927 /* AppDelegate.h */,
				4C55AC4A1EDFFDFE00C12927 /* AppDelegate.m */,
				4C55AC4C1EDFFDFE00C12927 /* ViewController.h */,
				4C55AC4D1EDFFDFE00C12927 /* ViewController.m */,
				4C55AC5D1EDFFE4700C12927 /* BlockT.h */,
				4C55AC5E1EDFFE4700C12927 /* BlockT.m */,
				4C55AC4F1EDFFDFE00C12927 /* Main.storyboard */,
				4C55AC521EDFFDFF00C12927 /* Assets.xcassets */,
				4C55AC541EDFFDFF00C12927 /* LaunchScreen.storyboard */,
				4C55AC571EDFFDFF00C12927 /* Info.plist */,
				4C55AC461EDFFDFE00C12927 /* Supporting Files */,
			);
			path = BlockLearn;
			sourceTree = "<group>";
		};
		4C55AC461EDFFDFE00C12927 /* Supporting Files */ = {
			isa = PBXGroup;
			children = (
				4C55AC471EDFFDFE00C12927 /* main.m */,
			);
			name = "Supporting Files";
			sourceTree = "<group>";
		};
/* End PBXGroup section */

/* Begin PBXNativeTarget section */
		4C55AC421EDFFDFE00C12927 /* BlockLearn */ = {
			isa = PBXNativeTarget;
			buildConfigurationList = 4C55AC5A1EDFFDFF00C12927 /* Build configuration list for PBXNativeTarget "BlockLearn" */;
			buildPhases = (
				4C55AC3F1EDFFDFE00C12927 /* Sources */,
				4C55AC401EDFFDFE00C12927 /* Frameworks */,
				4C55AC411EDFFDFE00C12927 /* Resources */,
			);
			buildRules = (
			);
			dependencies = (
			);
			name = BlockLearn;
			productName = BlockLearn;
			productReference = 4C55AC431EDFFDFE00C12927 /* BlockLearn.app */;
			productType = "com.apple.product-type.application";
		};
/* End PBXNativeTarget section */

/* Begin PBXProject section */
		4C55AC3B1EDFFDFE00C12927 /* Project object */ = {
			isa = PBXProject;
			attributes = {
				LastUpgradeCheck = 0830;
				ORGANIZATIONNAME = barry;
				TargetAttributes = {
					4C55AC421EDFFDFE00C12927 = {
						CreatedOnToolsVersion = 8.3.2;
						DevelopmentTeam = JXKQV9PW32;
						ProvisioningStyle = Automatic;
					};
				};
			};
			buildConfigurationList = 4C55AC3E1EDFFDFE00C12927 /* Build configuration list for PBXProject "BlockLearn" */;
			compatibilityVersion = "Xcode 3.2";
			developmentRegion = English;
			hasScannedForEncodings = 0;
			knownRegions = (
				en,
				Base,
			);
			mainGroup = 4C55AC3A1EDFFDFE00C12927;
			productRefGroup = 4C55AC441EDFFDFE00C12927 /* Products */;
			projectDirPath = "";
			projectRoot = "";
			targets = (
				4C55AC421EDFFDFE00C12927 /* BlockLearn */,
			);
		};
/* End PBXProject section */

/* Begin PBXResourcesBuildPhase section */
		4C55AC411EDFFDFE00C12927 /* Resources */ = {
			isa = PBXResourcesBuildPhase;
			buildActionMask = 2147483647;
			files = (
				4C55AC561EDFFDFF00C12927 /* LaunchScreen.storyboard in Resources */,
				4C55AC531EDFFDFF00C12927 /* Assets.xcassets in Resources */,
				4C55AC511EDFFDFE00C12927 /* Main.storyboard in Resources */,
			);
			runOnlyForDeploymentPostprocessing = 0;
		};
/* End PBXResourcesBuildPhase section */

/* Begin PBXSourcesBuildPhase section */
		4C55AC3F1EDFFDFE00C12927 /* Sources */ = {
			isa = PBXSourcesBuildPhase;
			buildActionMask = 2147483647;
			files = (
				4C55AC4E1EDFFDFE00C12927 /* ViewController.m in Sources */,
				4C55AC4B1EDFFDFE00C12927 /* AppDelegate.m in Sources */,
				4C55AC5F1EDFFE4700C12927 /* BlockT.m in Sources */,
				4C55AC481EDFFDFE00C12927 /* main.m in Sources */,
			);
			runOnlyForDeploymentPostprocessing = 0;
		};
/* End PBXSourcesBuildPhase section */

/* Begin PBXVariantGroup section */
		4C55AC4F1EDFFDFE00C12927 /* Main.storyboard */ = {
			isa = PBXVariantGroup;
			children = (
				4C55AC501EDFFDFE00C12927 /* Base */,
			);
			name = Main.storyboard;
			sourceTree = "<group>";
		};
		4C55AC541EDFFDFF00C12927 /* LaunchScreen.storyboard */ = {
			isa = PBXVariantGroup;
			children = (
				4C55AC551EDFFDFF00C12927 /* Base */,
			);
			name = LaunchScreen.storyboard;
			sourceTree = "<group>";
		};
/* End PBXVariantGroup section */

/* Begin XCBuildConfiguration section */
		4C55AC581EDFFDFF00C12927 /* Debug */ = {
			isa = XCBuildConfiguration;
			buildSettings = {
				ALWAYS_SEARCH_USER_PATHS = NO;
				CLANG_ANALYZER_NONNULL = YES;
				CLANG_ANALYZER_NUMBER_OBJECT_CONVERSION = YES_AGGRESSIVE;
				CLANG_CXX_LANGUAGE_STANDARD = "gnu++0x";
				CLANG_CXX_LIBRARY = "libc++";
				CLANG_ENABLE_MODULES = YES;
				CLANG_ENABLE_OBJC_ARC = YES;
				CLANG_WARN_BOOL_CONVERSION = YES;
				CLANG_WARN_CONSTANT_CONVERSION = YES;
				CLANG_WARN_DIRECT_OBJC_ISA_USAGE = YES_ERROR;
				CLANG_WARN_DOCUMENTATION_COMMENTS = YES;
				CLANG_WARN_EMPTY_BODY = YES;
				CLANG_WARN_ENUM_CONVERSION = YES;
				CLANG_WARN_INFINITE_RECURSION = YES;
				CLANG_WARN_INT_CONVERSION = YES;
				CLANG_WARN_OBJC_ROOT_CLASS = YES_ERROR;
				CLANG_WARN_SUSPICIOUS_MOVE = YES;
				CLANG_WARN_UNREACHABLE_CODE = YES;
				CLANG_WARN__DUPLICATE_METHOD_MATCH = YES;
				"CODE_SIGN_IDENTITY[sdk=iphoneos*]" = "iPhone Developer";
				COPY_PHASE_STRIP = NO;
				DEBUG_INFORMATION_FORMAT = dwarf;
				ENABLE_STRICT_OBJC_MSGSEND = YES;
				ENABLE_TESTABILITY = YES;
				GCC_C_LANGUAGE_STANDARD = gnu99;
				GCC_DYNAMIC_NO_PIC = NO;
				GCC_NO_COMMON_BLOCKS = YES;
				GCC_OPTIMIZATION_LEVEL = 0;
				GCC_PREPROCESSOR_DEFINITIONS = (
					"DEBUG=1",
					"$(inherited)",
				);
				GCC_WARN_64_TO_32_BIT_CONVERSION = YES;
				GCC_WARN_ABOUT_RETURN_TYPE = YES_ERROR;
				GCC_WARN_UNDECLARED_SELECTOR = YES;
				GCC_WARN_UNINITIALIZED_AUTOS = YES_AGGRESSIVE;
				GCC_WARN_UNUSED_FUNCTION = YES;
				GCC_WARN_UNUSED_VARIABLE = YES;
				IPHONEOS_DEPLOYMENT_TARGET = 10.3;
				MTL_ENABLE_DEBUG_INFO = YES;
				ONLY_ACTIVE_ARCH = YES;
				SDKROOT = iphoneos;
				TARGETED_DEVICE_FAMILY = "1,2";
			};
			name = Debug;
		};
		4C55AC591EDFFDFF00C12927 /* Release */ = {
			isa = XCBuildConfiguration;
			buildSettings = {
				ALWAYS_SEARCH_USER_PATHS = NO;
				CLANG_ANALYZER_NONNULL = YES;
				CLANG_ANALYZER_NUMBER_OBJECT_CONVERSION = YES_AGGRESSIVE;
				CLANG_CXX_LANGUAGE_STANDARD = "gnu++0x";
				CLANG_CXX_LIBRARY = "libc++";
				CLANG_ENABLE_MODULES = YES;
				CLANG_ENABLE_OBJC_ARC = YES;
				CLANG_WARN_BOOL_CONVERSION = YES;
				CLANG_WARN_CONSTANT_CONVERSION = YES;
				CLANG_WARN_DIRECT_OBJC_ISA_USAGE = YES_ERROR;
				CLANG_WARN_DOCUMENTATION_COMMENTS = YES;
				CLANG_WARN_EMPTY_BODY = YES;
				CLANG_WARN_ENUM_CONVERSION = YES;
				CLANG_WARN_INFINITE_RECURSION = YES;
				CLANG_WARN_INT_CONVERSION = YES;
				CLANG_WARN_OBJC_ROOT_CLASS = YES_ERROR;
				CLANG_WARN_SUSPICIOUS_MOVE = YES;
				CLANG_WARN_UNREACHABLE_CODE = YES;
				CLANG_WARN__DUPLICATE_METHOD_MATCH = YES;
				"CODE_SIGN_IDENTITY[sdk=iphoneos*]" = "iPhone Developer";
				COPY_PHASE_STRIP = NO;
				DEBUG_INFORMATION_FORMAT = "dwarf-with-dsym";
				ENABLE_NS_ASSERTIONS = NO;
				ENABLE_STRICT_OBJC_MSGSEND = YES;
				GCC_C_LANGUAGE_STANDARD = gnu99;
				GCC_NO_COMMON_BLOCKS = YES;
				GCC_WARN_64_TO_32_BIT_CONVERSION = YES;
				GCC_WARN_ABOUT_RETURN_TYPE = YES_ERROR;
				GCC_WARN_UNDECLARED_SELECTOR = YES;
				GCC_WARN_UNINITIALIZED_AUTOS = YES_AGGRESSIVE;
				GCC_WARN_UNUSED_FUNCTION = YES;
				GCC_WARN_UNUSED_VARIABLE = YES;
				IPHONEOS_DEPLOYMENT_TARGET = 10.3;
				MTL_ENABLE_DEBUG_INFO = NO;
				SDKROOT = iphoneos;
				TARGETED_DEVICE_FAMILY = "1,2";
				VALIDATE_PRODUCT = YES;
			};
			name = Release;
		};
		4C55AC5B1EDFFDFF00C12927 /* Debug */ = {
			isa = XCBuildConfiguration;
			buildSettings = {
				ASSETCATALOG_COMPILER_APPICON_NAME = AppIcon;
				DEVELOPMENT_TEAM = JXKQV9PW32;
				INFOPLIST_FILE = BlockLearn/Info.plist;
				LD_RUNPATH_SEARCH_PATHS = "$(inherited) @executable_path/Frameworks";
				PRODUCT_BUNDLE_IDENTIFIER = com.ucpaas.BlockLearn;
				PRODUCT_NAME = "$(TARGET_NAME)";
			};
			name = Debug;
		};
		4C55AC5C1EDFFDFF00C12927 /* Release */ = {
			isa = XCBuildConfiguration;
			buildSettings = {
				ASSETCATALOG_COMPILER_APPICON_NAME = AppIcon;
				DEVELOPMENT_TEAM = JXKQV9PW32;
				INFOPLIST_FILE = BlockLearn/Info.plist;
				LD_RUNPATH_SEARCH_PATHS = "$(inherited) @executable_path/Frameworks";
				PRODUCT_BUNDLE_IDENTIFIER = com.ucpaas.BlockLearn;
				PRODUCT_NAME = "$(TARGET_NAME)";
			};
			name = Release;
		};
/* End XCBuildConfiguration section */

/* Begin XCConfigurationList section */
		4C55AC3E1EDFFDFE00C12927 /* Build configuration list for PBXProject "BlockLearn" */ = {
			isa = XCConfigurationList;
			buildConfigurations = (
				4C55AC581EDFFDFF00C12927 /* Debug */,
				4C55AC591EDFFDFF00C12927 /* Release */,
			);
			defaultConfigurationIsVisible = 0;
			defaultConfigurationName = Release;
		};
		4C55AC5A1EDFFDFF00C12927 /* Build configuration list for PBXNativeTarget "BlockLearn" */ = {
			isa = XCConfigurationList;
			buildConfigurations = (
				4C55AC5B1EDFFDFF00C12927 /* Debug */,
				4C55AC5C1EDFFDFF00C12927 /* Release */,
			);
			defaultConfigurationIsVisible = 0;
		};
/* End XCConfigurationList section */
	};
	rootObject = 4C55AC3B1EDFFDFE00C12927 /* Project object */;
}
